
Microsoft Visual Studio Solution File, Format Version 12.00
# Visual Studio 15
VisualStudioVersion = 15.0.28307.136
MinimumVisualStudioVersion = 10.0.40219.1
Project("{FAE04EC0-301F-11D3-BF4B-00C04F79EFBC}") = "MaryKayCustomers", "MaryKayCustomers\MaryKayCustomers.csproj", "{2A8F1F21-8C20-456E-8E31-9E1DE14D5778}"
EndProject
Global
	GlobalSection(SolutionConfigurationPlatforms) = preSolution
		Debug|Any CPU = Debug|Any CPU
		Release|Any CPU = Release|Any CPU
	EndGlobalSection
	GlobalSection(ProjectConfigurationPlatforms) = postSolution
		{2A8F1F21-8C20-456E-8E31-9E1DE14D5778}.Debug|Any CPU.ActiveCfg = Debug|Any CPU
		{2A8F1F21-8C20-456E-8E31-9E1DE14D5778}.Debug|Any CPU.Build.0 = Debug|Any CPU
		{2A8F1F21-8C20-456E-8E31-9E1DE14D5778}.Release|Any CPU.ActiveCfg = Release|Any CPU
		{2A8F1F21-8C20-456E-8E31-9E1DE14D5778}.Release|Any CPU.Build.0 = Release|Any CPU
	EndGlobalSection
	GlobalSection(SolutionProperties) = preSolution
		HideSolutionNode = FALSE
	EndGlobalSection
	GlobalSection(ExtensibilityGlobals) = postSolution
		SolutionGuid = {B80B3690-74D2-422C-AE8D-55691E16A3D7}
	EndGlobalSection
EndGlobal
